
Microsoft Visual Studio Solution File, Format Version 12.00
# Visual Studio 15
VisualStudioVersion = 15.0.28307.421
MinimumVisualStudioVersion = 10.0.40219.1
Project("{FAE04EC0-301F-11D3-BF4B-00C04F79EFBC}") = "ArraysDS", "ArraysDS\ArraysDS.csproj", "{6511232A-60CE-488F-B59A-C12C82CE3B99}"
EndProject
Global
	GlobalSection(SolutionConfigurationPlatforms) = preSolution
		Debug|Any CPU = Debug|Any CPU
		Release|Any CPU = Release|Any CPU
	EndGlobalSection
	GlobalSection(ProjectConfigurationPlatforms) = postSolution
		{6511232A-60CE-488F-B59A-C12C82CE3B99}.Debug|Any CPU.ActiveCfg = Debug|Any CPU
		{6511232A-60CE-488F-B59A-C12C82CE3B99}.Debug|Any CPU.Build.0 = Debug|Any CPU
		{6511232A-60CE-488F-B59A-C12C82CE3B99}.Release|Any CPU.ActiveCfg = Release|Any CPU
		{6511232A-60CE-488F-B59A-C12C82CE3B99}.Release|Any CPU.Build.0 = Release|Any CPU
	EndGlobalSection
	GlobalSection(SolutionProperties) = preSolution
		HideSolutionNode = FALSE
	EndGlobalSection
	GlobalSection(ExtensibilityGlobals) = postSolution
		SolutionGuid = {D1DADDFB-E610-4D60-AEA8-7D10371EBBDA}
	EndGlobalSection
EndGlobal
