
Microsoft Visual Studio Solution File, Format Version 12.00
# Visual Studio Version 16
VisualStudioVersion = 16.0.28803.156
MinimumVisualStudioVersion = 10.0.40219.1
Project("{FAE04EC0-301F-11D3-BF4B-00C04F79EFBC}") = "PrintElem", "PrintElem.csproj", "{B58030F8-30E5-4886-B7AD-389940D727F1}"
EndProject
Global
	GlobalSection(SolutionConfigurationPlatforms) = preSolution
		Debug|Any CPU = Debug|Any CPU
		Release|Any CPU = Release|Any CPU
	EndGlobalSection
	GlobalSection(ProjectConfigurationPlatforms) = postSolution
		{B58030F8-30E5-4886-B7AD-389940D727F1}.Debug|Any CPU.ActiveCfg = Debug|Any CPU
		{B58030F8-30E5-4886-B7AD-389940D727F1}.Debug|Any CPU.Build.0 = Debug|Any CPU
		{B58030F8-30E5-4886-B7AD-389940D727F1}.Release|Any CPU.ActiveCfg = Release|Any CPU
		{B58030F8-30E5-4886-B7AD-389940D727F1}.Release|Any CPU.Build.0 = Release|Any CPU
	EndGlobalSection
	GlobalSection(SolutionProperties) = preSolution
		HideSolutionNode = FALSE
	EndGlobalSection
	GlobalSection(ExtensibilityGlobals) = postSolution
		SolutionGuid = {3DCF6E6A-FEE9-41CC-BC72-A8A11333B6B9}
	EndGlobalSection
EndGlobal
