
Microsoft Visual Studio Solution File, Format Version 12.00
# Visual Studio Version 16
VisualStudioVersion = 16.0.28803.156
MinimumVisualStudioVersion = 10.0.40219.1
Project("{FAE04EC0-301F-11D3-BF4B-00C04F79EFBC}") = "WorkingWithInts", "WorkingWithInts.csproj", "{177AD6EC-5674-41F5-BC0F-6B90157BF789}"
EndProject
Global
	GlobalSection(SolutionConfigurationPlatforms) = preSolution
		Debug|Any CPU = Debug|Any CPU
		Release|Any CPU = Release|Any CPU
	EndGlobalSection
	GlobalSection(ProjectConfigurationPlatforms) = postSolution
		{177AD6EC-5674-41F5-BC0F-6B90157BF789}.Debug|Any CPU.ActiveCfg = Debug|Any CPU
		{177AD6EC-5674-41F5-BC0F-6B90157BF789}.Debug|Any CPU.Build.0 = Debug|Any CPU
		{177AD6EC-5674-41F5-BC0F-6B90157BF789}.Release|Any CPU.ActiveCfg = Release|Any CPU
		{177AD6EC-5674-41F5-BC0F-6B90157BF789}.Release|Any CPU.Build.0 = Release|Any CPU
	EndGlobalSection
	GlobalSection(SolutionProperties) = preSolution
		HideSolutionNode = FALSE
	EndGlobalSection
	GlobalSection(ExtensibilityGlobals) = postSolution
		SolutionGuid = {E2950966-1ADA-4BF0-B7BE-D4FCFA1F002A}
	EndGlobalSection
EndGlobal
