
Microsoft Visual Studio Solution File, Format Version 12.00
# Visual Studio Version 16
VisualStudioVersion = 16.0.28803.156
MinimumVisualStudioVersion = 10.0.40219.1
Project("{FAE04EC0-301F-11D3-BF4B-00C04F79EFBC}") = "HashTables_RansomNote", "HashTables_RansomNote.csproj", "{E31775D7-DF04-404A-A99A-8E7D7A499C88}"
EndProject
Global
	GlobalSection(SolutionConfigurationPlatforms) = preSolution
		Debug|Any CPU = Debug|Any CPU
		Release|Any CPU = Release|Any CPU
	EndGlobalSection
	GlobalSection(ProjectConfigurationPlatforms) = postSolution
		{E31775D7-DF04-404A-A99A-8E7D7A499C88}.Debug|Any CPU.ActiveCfg = Debug|Any CPU
		{E31775D7-DF04-404A-A99A-8E7D7A499C88}.Debug|Any CPU.Build.0 = Debug|Any CPU
		{E31775D7-DF04-404A-A99A-8E7D7A499C88}.Release|Any CPU.ActiveCfg = Release|Any CPU
		{E31775D7-DF04-404A-A99A-8E7D7A499C88}.Release|Any CPU.Build.0 = Release|Any CPU
	EndGlobalSection
	GlobalSection(SolutionProperties) = preSolution
		HideSolutionNode = FALSE
	EndGlobalSection
	GlobalSection(ExtensibilityGlobals) = postSolution
		SolutionGuid = {A75D69DA-881E-4BEF-AC5C-C16AC0857AC8}
	EndGlobalSection
EndGlobal
